
Microsoft Visual Studio Solution File, Format Version 12.00
# Visual Studio Version 16
VisualStudioVersion = 16.0.30114.105
MinimumVisualStudioVersion = 10.0.40219.1
Project("{9A19103F-16F7-4668-BE54-9A1E7A4F7556}") = "MantenimientoGrupoGB.WEB", "MantenimientoGrupoGB.WEB\MantenimientoGrupoGB.WEB.csproj", "{00E6F781-B6EC-4F8C-BD3A-678F7996A006}"
EndProject
Project("{9A19103F-16F7-4668-BE54-9A1E7A4F7556}") = "MantenimientoGrupoGB.EN", "MantenimientoGrupoGB.EN\MantenimientoGrupoGB.EN.csproj", "{C3080C78-F0DA-459A-8F44-4252C6767731}"
EndProject
Project("{9A19103F-16F7-4668-BE54-9A1E7A4F7556}") = "MantenimientoGrupoGB.BL", "MantenimientoGrupoGB.BL\MantenimientoGrupoGB.BL.csproj", "{976CB8D0-4C6A-4D55-B22F-BAA23CD50CB0}"
EndProject
Project("{9A19103F-16F7-4668-BE54-9A1E7A4F7556}") = "MantenimientoGrupoGB.DAL", "MantenimientoGrupoGB.DAL\MantenimientoGrupoGB.DAL.csproj", "{ED48A8BB-DF49-4833-BB6C-23754654E42E}"
EndProject
Global
	GlobalSection(SolutionConfigurationPlatforms) = preSolution
		Debug|Any CPU = Debug|Any CPU
		Release|Any CPU = Release|Any CPU
	EndGlobalSection
	GlobalSection(ProjectConfigurationPlatforms) = postSolution
		{00E6F781-B6EC-4F8C-BD3A-678F7996A006}.Debug|Any CPU.ActiveCfg = Debug|Any CPU
		{00E6F781-B6EC-4F8C-BD3A-678F7996A006}.Debug|Any CPU.Build.0 = Debug|Any CPU
		{00E6F781-B6EC-4F8C-BD3A-678F7996A006}.Release|Any CPU.ActiveCfg = Release|Any CPU
		{00E6F781-B6EC-4F8C-BD3A-678F7996A006}.Release|Any CPU.Build.0 = Release|Any CPU
		{C3080C78-F0DA-459A-8F44-4252C6767731}.Debug|Any CPU.ActiveCfg = Debug|Any CPU
		{C3080C78-F0DA-459A-8F44-4252C6767731}.Debug|Any CPU.Build.0 = Debug|Any CPU
		{C3080C78-F0DA-459A-8F44-4252C6767731}.Release|Any CPU.ActiveCfg = Release|Any CPU
		{C3080C78-F0DA-459A-8F44-4252C6767731}.Release|Any CPU.Build.0 = Release|Any CPU
		{976CB8D0-4C6A-4D55-B22F-BAA23CD50CB0}.Debug|Any CPU.ActiveCfg = Debug|Any CPU
		{976CB8D0-4C6A-4D55-B22F-BAA23CD50CB0}.Debug|Any CPU.Build.0 = Debug|Any CPU
		{976CB8D0-4C6A-4D55-B22F-BAA23CD50CB0}.Release|Any CPU.ActiveCfg = Release|Any CPU
		{976CB8D0-4C6A-4D55-B22F-BAA23CD50CB0}.Release|Any CPU.Build.0 = Release|Any CPU
		{ED48A8BB-DF49-4833-BB6C-23754654E42E}.Debug|Any CPU.ActiveCfg = Debug|Any CPU
		{ED48A8BB-DF49-4833-BB6C-23754654E42E}.Debug|Any CPU.Build.0 = Debug|Any CPU
		{ED48A8BB-DF49-4833-BB6C-23754654E42E}.Release|Any CPU.ActiveCfg = Release|Any CPU
		{ED48A8BB-DF49-4833-BB6C-23754654E42E}.Release|Any CPU.Build.0 = Release|Any CPU
	EndGlobalSection
	GlobalSection(SolutionProperties) = preSolution
		HideSolutionNode = FALSE
	EndGlobalSection
	GlobalSection(ExtensibilityGlobals) = postSolution
		SolutionGuid = {C140A5F2-2027-48B9-BC7A-B7A48403A6A5}
	EndGlobalSection
EndGlobal
